// !$*UTF8*$!
{
	archiveVersion = 1;
	classes = {
	};
	objectVersion = 46;
	objects = {

/* Begin PBXBuildFile section */
		C5EF12C21F67E91900B472D4 /* AppDelegate.swift in Sources */ = {isa = PBXBuildFile; fileRef = C5EF12C11F67E91900B472D4 /* AppDelegate.swift */; };
		C5EF12C41F67E91900B472D4 /* ViewController.swift in Sources */ = {isa = PBXBuildFile; fileRef = C5EF12C31F67E91900B472D4 /* ViewController.swift */; };
		C5EF12C71F67E91900B472D4 /* Main.storyboard in Resources */ = {isa = PBXBuildFile; fileRef = C5EF12C51F67E91900B472D4 /* Main.storyboard */; };
		C5EF12C91F67E91900B472D4 /* Assets.xcassets in Resources */ = {isa = PBXBuildFile; fileRef = C5EF12C81F67E91900B472D4 /* Assets.xcassets */; };
		C5EF12CC1F67E91900B472D4 /* LaunchScreen.storyboard in Resources */ = {isa = PBXBuildFile; fileRef = C5EF12CA1F67E91900B472D4 /* LaunchScreen.storyboard */; };
/* End PBXBuildFile section */

/* Begin PBXFileReference section */
		C5EF12BE1F67E91900B472D4 /* Athletics-List-iOS.app */ = {isa = PBXFileReference; explicitFileType = wrapper.application; includeInIndex = 0; path = "Athletics-List-iOS.app"; sourceTree = BUILT_PRODUCTS_DIR; };
		C5EF12C11F67E91900B472D4 /* AppDelegate.swift */ = {isa = PBXFileReference; lastKnownFileType = sourcecode.swift; path = AppDelegate.swift; sourceTree = "<group>"; };
		C5EF12C31F67E91900B472D4 /* ViewController.swift */ = {isa = PBXFileReference; lastKnownFileType = sourcecode.swift; path = ViewController.swift; sourceTree = "<group>"; };
		C5EF12C61F67E91900B472D4 /* Base */ = {isa = PBXFileReference; lastKnownFileType = file.storyboard; name = Base; path = Base.lproj/Main.storyboard; sourceTree = "<group>"; };
		C5EF12C81F67E91900B472D4 /* Assets.xcassets */ = {isa = PBXFileReference; lastKnownFileType = folder.assetcatalog; path = Assets.xcassets; sourceTree = "<group>"; };
		C5EF12CB1F67E91900B472D4 /* Base */ = {isa = PBXFileReference; lastKnownFileType = file.storyboard; name = Base; path = Base.lproj/LaunchScreen.storyboard; sourceTree = "<group>"; };
		C5EF12CD1F67E91900B472D4 /* Info.plist */ = {isa = PBXFileReference; lastKnownFileType = text.plist.xml; path = Info.plist; sourceTree = "<group>"; };
/* End PBXFileReference section */

/* Begin PBXFrameworksBuildPhase section */
		C5EF12BB1F67E91800B472D4 /* Frameworks */ = {
			isa = PBXFrameworksBuildPhase;
			buildActionMask = 2147483647;
			files = (
			);
			runOnlyForDeploymentPostprocessing = 0;
		};
/* End PBXFrameworksBuildPhase section */

/* Begin PBXGroup section */
		C5EF12B51F67E91800B472D4 = {
			isa = PBXGroup;
			children = (
				C5EF12C01F67E91900B472D4 /* Athletics-List-iOS */,
				C5EF12BF1F67E91900B472D4 /* Products */,
			);
			sourceTree = "<group>";
		};
		C5EF12BF1F67E91900B472D4 /* Products */ = {
			isa = PBXGroup;
			children = (
				C5EF12BE1F67E91900B472D4 /* Athletics-List-iOS.app */,
			);
			name = Products;
			sourceTree = "<group>";
		};
		C5EF12C01F67E91900B472D4 /* Athletics-List-iOS */ = {
			isa = PBXGroup;
			children = (
				C5EF12C11F67E91900B472D4 /* AppDelegate.swift */,
				C5EF12C31F67E91900B472D4 /* ViewController.swift */,
				C5EF12C51F67E91900B472D4 /* Main.storyboard */,
				C5EF12C81F67E91900B472D4 /* Assets.xcassets */,
				C5EF12CA1F67E91900B472D4 /* LaunchScreen.storyboard */,
				C5EF12CD1F67E91900B472D4 /* Info.plist */,
			);
			path = "Athletics-List-iOS";
			sourceTree = "<group>";
		};
/* End PBXGroup section */

/* Begin PBXNativeTarget section */
		C5EF12BD1F67E91800B472D4 /* Athletics-List-iOS */ = {
			isa = PBXNativeTarget;
			buildConfigurationList = C5EF12D01F67E91900B472D4 /* Build configuration list for PBXNativeTarget "Athletics-List-iOS" */;
			buildPhases = (
				C5EF12BA1F67E91800B472D4 /* Sources */,
				C5EF12BB1F67E91800B472D4 /* Frameworks */,
				C5EF12BC1F67E91800B472D4 /* Resources */,
			);
			buildRules = (
			);
			dependencies = (
			);
			name = "Athletics-List-iOS";
			productName = "Athletics-List-iOS";
			productReference = C5EF12BE1F67E91900B472D4 /* Athletics-List-iOS.app */;
			productType = "com.apple.product-type.application";
		};
/* End PBXNativeTarget section */

/* Begin PBXProject section */
		C5EF12B61F67E91800B472D4 /* Project object */ = {
			isa = PBXProject;
			attributes = {
				LastSwiftUpdateCheck = 0830;
				LastUpgradeCheck = 0830;
				ORGANIZATIONNAME = "Mohamed Salah";
				TargetAttributes = {
					C5EF12BD1F67E91800B472D4 = {
						CreatedOnToolsVersion = 8.3.3;
						ProvisioningStyle = Automatic;
					};
				};
			};
			buildConfigurationList = C5EF12B91F67E91800B472D4 /* Build configuration list for PBXProject "Athletics-List-iOS" */;
			compatibilityVersion = "Xcode 3.2";
			developmentRegion = English;
			hasScannedForEncodings = 0;
			knownRegions = (
				en,
				Base,
			);
			mainGroup = C5EF12B51F67E91800B472D4;
			productRefGroup = C5EF12BF1F67E91900B472D4 /* Products */;
			projectDirPath = "";
			projectRoot = "";
			targets = (
				C5EF12BD1F67E91800B472D4 /* Athletics-List-iOS */,
			);
		};
/* End PBXProject section */

/* Begin PBXResourcesBuildPhase section */
		C5EF12BC1F67E91800B472D4 /* Resources */ = {
			isa = PBXResourcesBuildPhase;
			buildActionMask = 2147483647;
			files = (
				C5EF12CC1F67E91900B472D4 /* LaunchScreen.storyboard in Resources */,
				C5EF12C91F67E91900B472D4 /* Assets.xcassets in Resources */,
				C5EF12C71F67E91900B472D4 /* Main.storyboard in Resources */,
			);
			runOnlyForDeploymentPostprocessing = 0;
		};
/* End PBXResourcesBuildPhase section */

/* Begin PBXSourcesBuildPhase section */
		C5EF12BA1F67E91800B472D4 /* Sources */ = {
			isa = PBXSourcesBuildPhase;
			buildActionMask = 2147483647;
			files = (
				C5EF12C41F67E91900B472D4 /* ViewController.swift in Sources */,
				C5EF12C21F67E91900B472D4 /* AppDelegate.swift in Sources */,
			);
			runOnlyForDeploymentPostprocessing = 0;
		};
/* End PBXSourcesBuildPhase section */

/* Begin PBXVariantGroup section */
		C5EF12C51F67E91900B472D4 /* Main.storyboard */ = {
			isa = PBXVariantGroup;
			children = (
				C5EF12C61F67E91900B472D4 /* Base */,
			);
			name = Main.storyboard;
			sourceTree = "<group>";
		};
		C5EF12CA1F67E91900B472D4 /* LaunchScreen.storyboard */ = {
			isa = PBXVariantGroup;
			children = (
				C5EF12CB1F67E91900B472D4 /* Base */,
			);
			name = LaunchScreen.storyboard;
			sourceTree = "<group>";
		};
/* End PBXVariantGroup section */

/* Begin XCBuildConfiguration section */
		C5EF12CE1F67E91900B472D4 /* Debug */ = {
			isa = XCBuildConfiguration;
			buildSettings = {
				ALWAYS_SEARCH_USER_PATHS = NO;
				CLANG_ANALYZER_NONNULL = YES;
				CLANG_ANALYZER_NUMBER_OBJECT_CONVERSION = YES_AGGRESSIVE;
				CLANG_CXX_LANGUAGE_STANDARD = "gnu++0x";
				CLANG_CXX_LIBRARY = "libc++";
				CLANG_ENABLE_MODULES = YES;
				CLANG_ENABLE_OBJC_ARC = YES;
				CLANG_WARN_BOOL_CONVERSION = YES;
				CLANG_WARN_CONSTANT_CONVERSION = YES;
				CLANG_WARN_DIRECT_OBJC_ISA_USAGE = YES_ERROR;
				CLANG_WARN_DOCUMENTATION_COMMENTS = YES;
				CLANG_WARN_EMPTY_BODY = YES;
				CLANG_WARN_ENUM_CONVERSION = YES;
				CLANG_WARN_INFINITE_RECURSION = YES;
				CLANG_WARN_INT_CONVERSION = YES;
				CLANG_WARN_OBJC_ROOT_CLASS = YES_ERROR;
				CLANG_WARN_SUSPICIOUS_MOVE = YES;
				CLANG_WARN_UNREACHABLE_CODE = YES;
				CLANG_WARN__DUPLICATE_METHOD_MATCH = YES;
				"CODE_SIGN_IDENTITY[sdk=iphoneos*]" = "iPhone Developer";
				COPY_PHASE_STRIP = NO;
				DEBUG_INFORMATION_FORMAT = dwarf;
				ENABLE_STRICT_OBJC_MSGSEND = YES;
				ENABLE_TESTABILITY = YES;
				GCC_C_LANGUAGE_STANDARD = gnu99;
				GCC_DYNAMIC_NO_PIC = NO;
				GCC_NO_COMMON_BLOCKS = YES;
				GCC_OPTIMIZATION_LEVEL = 0;
				GCC_PREPROCESSOR_DEFINITIONS = (
					"DEBUG=1",
					"$(inherited)",
				);
				GCC_WARN_64_TO_32_BIT_CONVERSION = YES;
				GCC_WARN_ABOUT_RETURN_TYPE = YES_ERROR;
				GCC_WARN_UNDECLARED_SELECTOR = YES;
				GCC_WARN_UNINITIALIZED_AUTOS = YES_AGGRESSIVE;
				GCC_WARN_UNUSED_FUNCTION = YES;
				GCC_WARN_UNUSED_VARIABLE = YES;
				IPHONEOS_DEPLOYMENT_TARGET = 10.3;
				MTL_ENABLE_DEBUG_INFO = YES;
				ONLY_ACTIVE_ARCH = YES;
				SDKROOT = iphoneos;
				SWIFT_ACTIVE_COMPILATION_CONDITIONS = DEBUG;
				SWIFT_OPTIMIZATION_LEVEL = "-Onone";
				TARGETED_DEVICE_FAMILY = "1,2";
			};
			name = Debug;
		};
		C5EF12CF1F67E91900B472D4 /* Release */ = {
			isa = XCBuildConfiguration;
			buildSettings = {
				ALWAYS_SEARCH_USER_PATHS = NO;
				CLANG_ANALYZER_NONNULL = YES;
				CLANG_ANALYZER_NUMBER_OBJECT_CONVERSION = YES_AGGRESSIVE;
				CLANG_CXX_LANGUAGE_STANDARD = "gnu++0x";
				CLANG_CXX_LIBRARY = "libc++";
				CLANG_ENABLE_MODULES = YES;
				CLANG_ENABLE_OBJC_ARC = YES;
				CLANG_WARN_BOOL_CONVERSION = YES;
				CLANG_WARN_CONSTANT_CONVERSION = YES;
				CLANG_WARN_DIRECT_OBJC_ISA_USAGE = YES_ERROR;
				CLANG_WARN_DOCUMENTATION_COMMENTS = YES;
				CLANG_WARN_EMPTY_BODY = YES;
				CLANG_WARN_ENUM_CONVERSION = YES;
				CLANG_WARN_INFINITE_RECURSION = YES;
				CLANG_WARN_INT_CONVERSION = YES;
				CLANG_WARN_OBJC_ROOT_CLASS = YES_ERROR;
				CLANG_WARN_SUSPICIOUS_MOVE = YES;
				CLANG_WARN_UNREACHABLE_CODE = YES;
				CLANG_WARN__DUPLICATE_METHOD_MATCH = YES;
				"CODE_SIGN_IDENTITY[sdk=iphoneos*]" = "iPhone Developer";
				COPY_PHASE_STRIP = NO;
				DEBUG_INFORMATION_FORMAT = "dwarf-with-dsym";
				ENABLE_NS_ASSERTIONS = NO;
				ENABLE_STRICT_OBJC_MSGSEND = YES;
				GCC_C_LANGUAGE_STANDARD = gnu99;
				GCC_NO_COMMON_BLOCKS = YES;
				GCC_WARN_64_TO_32_BIT_CONVERSION = YES;
				GCC_WARN_ABOUT_RETURN_TYPE = YES_ERROR;
				GCC_WARN_UNDECLARED_SELECTOR = YES;
				GCC_WARN_UNINITIALIZED_AUTOS = YES_AGGRESSIVE;
				GCC_WARN_UNUSED_FUNCTION = YES;
				GCC_WARN_UNUSED_VARIABLE = YES;
				IPHONEOS_DEPLOYMENT_TARGET = 10.3;
				MTL_ENABLE_DEBUG_INFO = NO;
				SDKROOT = iphoneos;
				SWIFT_OPTIMIZATION_LEVEL = "-Owholemodule";
				TARGETED_DEVICE_FAMILY = "1,2";
				VALIDATE_PRODUCT = YES;
			};
			name = Release;
		};
		C5EF12D11F67E91900B472D4 /* Debug */ = {
			isa = XCBuildConfiguration;
			buildSettings = {
				ASSETCATALOG_COMPILER_APPICON_NAME = AppIcon;
				INFOPLIST_FILE = "Athletics-List-iOS/Info.plist";
				LD_RUNPATH_SEARCH_PATHS = "$(inherited) @executable_path/Frameworks";
				PRODUCT_BUNDLE_IDENTIFIER = "com.momo.Athletics-List-iOS";
				PRODUCT_NAME = "$(TARGET_NAME)";
				SWIFT_VERSION = 3.0;
			};
			name = Debug;
		};
		C5EF12D21F67E91900B472D4 /* Release */ = {
			isa = XCBuildConfiguration;
			buildSettings = {
				ASSETCATALOG_COMPILER_APPICON_NAME = AppIcon;
				INFOPLIST_FILE = "Athletics-List-iOS/Info.plist";
				LD_RUNPATH_SEARCH_PATHS = "$(inherited) @executable_path/Frameworks";
				PRODUCT_BUNDLE_IDENTIFIER = "com.momo.Athletics-List-iOS";
				PRODUCT_NAME = "$(TARGET_NAME)";
				SWIFT_VERSION = 3.0;
			};
			name = Release;
		};
/* End XCBuildConfiguration section */

/* Begin XCConfigurationList section */
		C5EF12B91F67E91800B472D4 /* Build configuration list for PBXProject "Athletics-List-iOS" */ = {
			isa = XCConfigurationList;
			buildConfigurations = (
				C5EF12CE1F67E91900B472D4 /* Debug */,
				C5EF12CF1F67E91900B472D4 /* Release */,
			);
			defaultConfigurationIsVisible = 0;
			defaultConfigurationName = Release;
		};
		C5EF12D01F67E91900B472D4 /* Build configuration list for PBXNativeTarget "Athletics-List-iOS" */ = {
			isa = XCConfigurationList;
			buildConfigurations = (
				C5EF12D11F67E91900B472D4 /* Debug */,
				C5EF12D21F67E91900B472D4 /* Release */,
			);
			defaultConfigurationIsVisible = 0;
		};
/* End XCConfigurationList section */
	};
	rootObject = C5EF12B61F67E91800B472D4 /* Project object */;
}
